
Microsoft Visual Studio Solution File, Format Version 12.00
# Visual Studio Version 17
VisualStudioVersion = 17.13.35818.85 d17.13
MinimumVisualStudioVersion = 10.0.40219.1
Project("{54A90642-561A-4BB1-A94E-469ADEE60C69}") = "d2-rng-sim.client", "d2-rng-sim.client\d2-rng-sim.client.esproj", "{B49F8A19-8616-3560-2DEF-EF48DEBC798C}"
EndProject
Project("{FAE04EC0-301F-11D3-BF4B-00C04F79EFBC}") = "d2-rng-sim.Server", "d2-rng-sim.Server\d2-rng-sim.Server.csproj", "{A580AB1E-61B8-40DC-9E87-66AAF21A630C}"
EndProject
Global
	GlobalSection(SolutionConfigurationPlatforms) = preSolution
		Debug|Any CPU = Debug|Any CPU
		Release|Any CPU = Release|Any CPU
	EndGlobalSection
	GlobalSection(ProjectConfigurationPlatforms) = postSolution
		{B49F8A19-8616-3560-2DEF-EF48DEBC798C}.Debug|Any CPU.ActiveCfg = Debug|Any CPU
		{B49F8A19-8616-3560-2DEF-EF48DEBC798C}.Debug|Any CPU.Build.0 = Debug|Any CPU
		{B49F8A19-8616-3560-2DEF-EF48DEBC798C}.Debug|Any CPU.Deploy.0 = Debug|Any CPU
		{B49F8A19-8616-3560-2DEF-EF48DEBC798C}.Release|Any CPU.ActiveCfg = Release|Any CPU
		{B49F8A19-8616-3560-2DEF-EF48DEBC798C}.Release|Any CPU.Build.0 = Release|Any CPU
		{B49F8A19-8616-3560-2DEF-EF48DEBC798C}.Release|Any CPU.Deploy.0 = Release|Any CPU
		{A580AB1E-61B8-40DC-9E87-66AAF21A630C}.Debug|Any CPU.ActiveCfg = Debug|Any CPU
		{A580AB1E-61B8-40DC-9E87-66AAF21A630C}.Debug|Any CPU.Build.0 = Debug|Any CPU
		{A580AB1E-61B8-40DC-9E87-66AAF21A630C}.Release|Any CPU.ActiveCfg = Release|Any CPU
		{A580AB1E-61B8-40DC-9E87-66AAF21A630C}.Release|Any CPU.Build.0 = Release|Any CPU
	EndGlobalSection
	GlobalSection(SolutionProperties) = preSolution
		HideSolutionNode = FALSE
	EndGlobalSection
	GlobalSection(ExtensibilityGlobals) = postSolution
		SolutionGuid = {2F263474-3C74-430A-B64A-19C257AB8BF1}
	EndGlobalSection
EndGlobal
